
Microsoft Visual Studio Solution File, Format Version 12.00
# Visual Studio Version 17
VisualStudioVersion = 17.5.33627.172
MinimumVisualStudioVersion = 10.0.40219.1
Project("{FAE04EC0-301F-11D3-BF4B-00C04F79EFBC}") = "TicTacToe.Web", "TicTacToe.Web\TicTacToe.Web.csproj", "{F1BF80AE-A645-44DB-9306-EC8FB1B4556A}"
EndProject
Global
	GlobalSection(SolutionConfigurationPlatforms) = preSolution
		Debug|Any CPU = Debug|Any CPU
		Release|Any CPU = Release|Any CPU
	EndGlobalSection
	GlobalSection(ProjectConfigurationPlatforms) = postSolution
		{F1BF80AE-A645-44DB-9306-EC8FB1B4556A}.Debug|Any CPU.ActiveCfg = Debug|Any CPU
		{F1BF80AE-A645-44DB-9306-EC8FB1B4556A}.Debug|Any CPU.Build.0 = Debug|Any CPU
		{F1BF80AE-A645-44DB-9306-EC8FB1B4556A}.Release|Any CPU.ActiveCfg = Release|Any CPU
		{F1BF80AE-A645-44DB-9306-EC8FB1B4556A}.Release|Any CPU.Build.0 = Release|Any CPU
	EndGlobalSection
	GlobalSection(SolutionProperties) = preSolution
		HideSolutionNode = FALSE
	EndGlobalSection
	GlobalSection(ExtensibilityGlobals) = postSolution
		SolutionGuid = {4C5EA788-54AB-4A36-8FDE-8E7AB213D483}
	EndGlobalSection
EndGlobal
